
Microsoft Visual Studio Solution File, Format Version 12.00
# Visual Studio 15
VisualStudioVersion = 15.0.27130.2003
MinimumVisualStudioVersion = 10.0.40219.1
Project("{FAE04EC0-301F-11D3-BF4B-00C04F79EFBC}") = "DataPortability", "DataPortability\DataPortability.csproj", "{250AD63B-8E43-4C41-AD94-2509DFAA2AC9}"
EndProject
Global
	GlobalSection(SolutionConfigurationPlatforms) = preSolution
		Debug|Any CPU = Debug|Any CPU
		Release|Any CPU = Release|Any CPU
	EndGlobalSection
	GlobalSection(ProjectConfigurationPlatforms) = postSolution
		{250AD63B-8E43-4C41-AD94-2509DFAA2AC9}.Debug|Any CPU.ActiveCfg = Debug|Any CPU
		{250AD63B-8E43-4C41-AD94-2509DFAA2AC9}.Debug|Any CPU.Build.0 = Debug|Any CPU
		{250AD63B-8E43-4C41-AD94-2509DFAA2AC9}.Release|Any CPU.ActiveCfg = Release|Any CPU
		{250AD63B-8E43-4C41-AD94-2509DFAA2AC9}.Release|Any CPU.Build.0 = Release|Any CPU
	EndGlobalSection
	GlobalSection(SolutionProperties) = preSolution
		HideSolutionNode = FALSE
	EndGlobalSection
	GlobalSection(ExtensibilityGlobals) = postSolution
		SolutionGuid = {DFB82D03-CB8E-4E88-8E90-4ADC7A34F68B}
	EndGlobalSection
EndGlobal
